
Microsoft Visual Studio Solution File, Format Version 12.00
# Visual Studio 15
VisualStudioVersion = 15.0.28307.421
MinimumVisualStudioVersion = 10.0.40219.1
Project("{8BC9CEB8-8B4A-11D0-8D11-00A0C91BC942}") = "BubbleSort", "BubbleSort\BubbleSort.vcxproj", "{349C71CC-9CCC-4B6D-A120-601E908029D0}"
EndProject
Global
	GlobalSection(SolutionConfigurationPlatforms) = preSolution
		Debug|x64 = Debug|x64
		Debug|x86 = Debug|x86
		Release|x64 = Release|x64
		Release|x86 = Release|x86
	EndGlobalSection
	GlobalSection(ProjectConfigurationPlatforms) = postSolution
		{349C71CC-9CCC-4B6D-A120-601E908029D0}.Debug|x64.ActiveCfg = Debug|x64
		{349C71CC-9CCC-4B6D-A120-601E908029D0}.Debug|x64.Build.0 = Debug|x64
		{349C71CC-9CCC-4B6D-A120-601E908029D0}.Debug|x86.ActiveCfg = Debug|Win32
		{349C71CC-9CCC-4B6D-A120-601E908029D0}.Debug|x86.Build.0 = Debug|Win32
		{349C71CC-9CCC-4B6D-A120-601E908029D0}.Release|x64.ActiveCfg = Release|x64
		{349C71CC-9CCC-4B6D-A120-601E908029D0}.Release|x64.Build.0 = Release|x64
		{349C71CC-9CCC-4B6D-A120-601E908029D0}.Release|x86.ActiveCfg = Release|Win32
		{349C71CC-9CCC-4B6D-A120-601E908029D0}.Release|x86.Build.0 = Release|Win32
	EndGlobalSection
	GlobalSection(SolutionProperties) = preSolution
		HideSolutionNode = FALSE
	EndGlobalSection
	GlobalSection(ExtensibilityGlobals) = postSolution
		SolutionGuid = {98E387C7-FE8E-407D-A299-DFF9BDFABF85}
	EndGlobalSection
EndGlobal
